
Microsoft Visual Studio Solution File, Format Version 12.00
# Visual Studio Version 16
VisualStudioVersion = 16.0.31005.135
MinimumVisualStudioVersion = 10.0.40219.1
Project("{F184B08F-C81C-45F6-A57F-5ABD9991F28F}") = "CIS 4250 Online Store", "Vb.net\CIS 4250 Online Store\CIS 4250 Online Store.vbproj", "{9BAD2EFF-6A7C-4559-B267-764730BB74CE}"
EndProject
Project("{FAE04EC0-301F-11D3-BF4B-00C04F79EFBC}") = "EcomApi", "Vb.net\EcomApi\EcomApi\EcomApi.csproj", "{37850C1F-9857-4156-B924-07B9BB71EEE7}"
EndProject
Global
	GlobalSection(SolutionConfigurationPlatforms) = preSolution
		Debug|Any CPU = Debug|Any CPU
		Release|Any CPU = Release|Any CPU
	EndGlobalSection
	GlobalSection(ProjectConfigurationPlatforms) = postSolution
		{9BAD2EFF-6A7C-4559-B267-764730BB74CE}.Debug|Any CPU.ActiveCfg = Debug|Any CPU
		{9BAD2EFF-6A7C-4559-B267-764730BB74CE}.Debug|Any CPU.Build.0 = Debug|Any CPU
		{9BAD2EFF-6A7C-4559-B267-764730BB74CE}.Release|Any CPU.ActiveCfg = Release|Any CPU
		{9BAD2EFF-6A7C-4559-B267-764730BB74CE}.Release|Any CPU.Build.0 = Release|Any CPU
		{37850C1F-9857-4156-B924-07B9BB71EEE7}.Debug|Any CPU.ActiveCfg = Debug|Any CPU
		{37850C1F-9857-4156-B924-07B9BB71EEE7}.Debug|Any CPU.Build.0 = Debug|Any CPU
		{37850C1F-9857-4156-B924-07B9BB71EEE7}.Release|Any CPU.ActiveCfg = Release|Any CPU
		{37850C1F-9857-4156-B924-07B9BB71EEE7}.Release|Any CPU.Build.0 = Release|Any CPU
	EndGlobalSection
	GlobalSection(SolutionProperties) = preSolution
		HideSolutionNode = FALSE
	EndGlobalSection
	GlobalSection(ExtensibilityGlobals) = postSolution
		SolutionGuid = {4172A213-5351-4DC6-9E6B-63A52E59F375}
	EndGlobalSection
EndGlobal
